<?xml version="1.0" encoding="utf-8"?>
<Project ToolsVersion="4.0" xmlns="http://schemas.microsoft.com/developer/msbuild/2003">
  <ItemGroup>
    <Filter Include="Source Files">
      <UniqueIdentifier>{4FC737F1-C7A5-4376-A066-2A32D752A2FF}</UniqueIdentifier>
      <Extensions>cpp;c;cc;cxx;c++;def;odl;idl;hpj;bat;asm;asmx</Extensions>
    </Filter>
    <Filter Include="Header Files">
      <UniqueIdentifier>{93995380-89BD-4b04-88EB-625FBE52EBFB}</UniqueIdentifier>
      <Extensions>h;hh;hpp;hxx;h++;hm;inl;inc;ipp;xsd</Extensions>
    </Filter>
    <Filter Include="Resource Files">
      <UniqueIdentifier>{67DA6AB6-F800-4c08-8B7A-83BB121AAD01}</UniqueIdentifier>
      <Extensions>rc;ico;cur;bmp;dlg;rc2;rct;bin;rgs;gif;jpg;jpeg;jpe;resx;tiff;tif;png;wav;mfcribbon-ms</Extensions>
    </Filter>
    <Filter Include="Libraries">
      <UniqueIdentifier>{23c35d49-9d89-4d32-b301-73cfe58a237d}</UniqueIdentifier>
    </Filter>
  </ItemGroup>
  <ItemGroup>
    <ClCompile Include="bind.c">
      <Filter>Source Files</Filter>
    </ClCompile>
    <ClCompile Include="entry.c">
      <Filter>Source Files</Filter>
    </ClCompile>
    <ClCompile Include="game.c">
      <Filter>Source Files</Filter>
    </ClCompile>
    <ClCompile Include="gfx.c">
      <Filter>Source Files</Filter>
    </ClCompile>
    <ClCompile Include="host.c">
      <Filter>Source Files</Filter>
    </ClCompile>
    <ClCompile Include="item.c">
      <Filter>Source Files</Filter>
    </ClCompile>
    <ClCompile Include="key.c">
      <Filter>Source Files</Filter>
    </ClCompile>
    <ClCompile Include="level.c">
      <Filter>Source Files</Filter>
    </ClCompile>
    <ClCompile Include="levelaid.c">
      <Filter>Source Files</Filter>
    </ClCompile>
    <ClCompile Include="levelgen.c">
      <Filter>Source Files</Filter>
    </ClCompile>
    <ClCompile Include="main.c">
      <Filter>Source Files</Filter>
    </ClCompile>
    <ClCompile Include="math.c">
      <Filter>Source Files</Filter>
    </ClCompile>
    <ClCompile Include="menu.c">
      <Filter>Source Files</Filter>
    </ClCompile>
    <ClCompile Include="net.c">
      <Filter>Source Files</Filter>
    </ClCompile>
    <ClCompile Include="netsend.c">
      <Filter>Source Files</Filter>
    </ClCompile>
    <ClCompile Include="nethost.c">
      <Filter>Source Files</Filter>
    </ClCompile>
    <ClCompile Include="netuse.c">
      <Filter>Source Files</Filter>
    </ClCompile>
    <ClCompile Include="send.c">
      <Filter>Source Files</Filter>
    </ClCompile>
    <ClCompile Include="sound.c">
      <Filter>Source Files</Filter>
    </ClCompile>
    <ClCompile Include="tile.c">
      <Filter>Source Files</Filter>
    </ClCompile>
    <ClCompile Include="unit.c">
      <Filter>Source Files</Filter>
    </ClCompile>
    <ClCompile Include="unituse.c">
      <Filter>Source Files</Filter>
    </ClCompile>
    <ClCompile Include="view.c">
      <Filter>Source Files</Filter>
    </ClCompile>
    <ClCompile Include="gamesbind.c">
      <Filter>Source Files</Filter>
    </ClCompile>
    <ClCompile Include="itemsbind.c">
      <Filter>Source Files</Filter>
    </ClCompile>
    <ClCompile Include="levelsbind.c">
      <Filter>Source Files</Filter>
    </ClCompile>
    <ClCompile Include="unitsbind.c">
      <Filter>Source Files</Filter>
    </ClCompile>
  </ItemGroup>
  <ItemGroup>
    <ClInclude Include="level.h">
      <Filter>Header Files</Filter>
    </ClInclude>
    <ClInclude Include="base.h">
      <Filter>Header Files</Filter>
    </ClInclude>
    <ClInclude Include="bind.h">
      <Filter>Header Files</Filter>
    </ClInclude>
    <ClInclude Include="gfx.h">
      <Filter>Header Files</Filter>
    </ClInclude>
    <ClInclude Include="host.h">
      <Filter>Header Files</Filter>
    </ClInclude>
    <ClInclude Include="item.h">
      <Filter>Header Files</Filter>
    </ClInclude>
    <ClInclude Include="levelaid.h">
      <Filter>Header Files</Filter>
    </ClInclude>
    <ClInclude Include="main.h">
      <Filter>Header Files</Filter>
    </ClInclude>
    <ClInclude Include="menu.h">
      <Filter>Header Files</Filter>
    </ClInclude>
    <ClInclude Include="net.h">
      <Filter>Header Files</Filter>
    </ClInclude>
    <ClInclude Include="nethost.h">
      <Filter>Header Files</Filter>
    </ClInclude>
    <ClInclude Include="tile.h">
      <Filter>Header Files</Filter>
    </ClInclude>
    <ClInclude Include="unit.h">
      <Filter>Header Files</Filter>
    </ClInclude>
    <ClInclude Include="units.h">
      <Filter>Header Files</Filter>
    </ClInclude>
    <ClInclude Include="unituse.h">
      <Filter>Header Files</Filter>
    </ClInclude>
    <ClInclude Include="dirent.h">
      <Filter>Libraries</Filter>
    </ClInclude>
  </ItemGroup>
</Project>